
Microsoft Visual Studio Solution File, Format Version 11.00
# Visual Studio 2010
Project("{FAE04EC0-301F-11D3-BF4B-00C04F79EFBC}") = "UnityEngine.UI", "UnityEngine.UI.csproj", "{C85D89C0-FE8C-36C6-3073-0A782F9AE7B1}"
EndProject
Project("{FAE04EC0-301F-11D3-BF4B-00C04F79EFBC}") = "Unity.RenderPipelines.Core.Runtime", "Unity.RenderPipelines.Core.Runtime.csproj", "{F5F5421B-0A4B-0D3D-6AB4-F6B9DFE99879}"
EndProject
Project("{FAE04EC0-301F-11D3-BF4B-00C04F79EFBC}") = "UnityEngine.TestRunner", "UnityEngine.TestRunner.csproj", "{C4E21946-DDEA-87A9-C950-9E85F0240BE0}"
EndProject
Project("{FAE04EC0-301F-11D3-BF4B-00C04F79EFBC}") = "Unity.Mathematics", "Unity.Mathematics.csproj", "{733C2998-3BAB-8A56-BAF8-CA05C1BBACCD}"
EndProject
Project("{FAE04EC0-301F-11D3-BF4B-00C04F79EFBC}") = "UnityEngine.UI.Tests", "UnityEngine.UI.Tests.csproj", "{52A83CBE-87CB-8285-034F-BF7941D7F038}"
EndProject
Project("{FAE04EC0-301F-11D3-BF4B-00C04F79EFBC}") = "Unity.InputSystem", "Unity.InputSystem.csproj", "{695B1A58-C3B6-2FDE-24FC-F7965C8CAEDD}"
EndProject
Project("{FAE04EC0-301F-11D3-BF4B-00C04F79EFBC}") = "Unity.RenderPipelines.Universal.Runtime", "Unity.RenderPipelines.Universal.Runtime.csproj", "{3D9D4A32-38E0-DFC3-E29D-2FFCADC53F85}"
EndProject
Project("{FAE04EC0-301F-11D3-BF4B-00C04F79EFBC}") = "Unity.TextMeshPro", "Unity.TextMeshPro.csproj", "{878CF2FA-6351-D9BC-B7FF-0EF7F5E01473}"
EndProject
Project("{FAE04EC0-301F-11D3-BF4B-00C04F79EFBC}") = "Unity.RenderPipelines.Universal.Runtime.Tests", "Unity.RenderPipelines.Universal.Runtime.Tests.csproj", "{7ED47204-76D5-CAD1-13E8-74AB15FC5C2D}"
EndProject
Project("{FAE04EC0-301F-11D3-BF4B-00C04F79EFBC}") = "Unity.Timeline", "Unity.Timeline.csproj", "{3BFA1CE6-1FDC-5D8F-335E-CBA68125041B}"
EndProject
Project("{FAE04EC0-301F-11D3-BF4B-00C04F79EFBC}") = "Unity.RenderPipelines.Core.Runtime.Tests", "Unity.RenderPipelines.Core.Runtime.Tests.csproj", "{B4A0CDD7-0462-B451-F49D-5EDD7F73091D}"
EndProject
Project("{FAE04EC0-301F-11D3-BF4B-00C04F79EFBC}") = "Assembly-CSharp", "Assembly-CSharp.csproj", "{0F0FD2DD-89F9-4C50-1A5B-7B1F2B35F97F}"
EndProject
Project("{FAE04EC0-301F-11D3-BF4B-00C04F79EFBC}") = "Unity.InputSystem.IntegrationTests", "Unity.InputSystem.IntegrationTests.csproj", "{BF37E9D7-549F-EAB3-EF92-5B0289EBD81D}"
EndProject
Project("{FAE04EC0-301F-11D3-BF4B-00C04F79EFBC}") = "Unity.InputSystem.TestFramework", "Unity.InputSystem.TestFramework.csproj", "{2C165215-1B0E-C22E-886A-BC231642C996}"
EndProject
Project("{FAE04EC0-301F-11D3-BF4B-00C04F79EFBC}") = "Unity.TextMeshPro.Tests", "Unity.TextMeshPro.Tests.csproj", "{C184F71E-C478-E674-3BD6-D933125E8CEF}"
EndProject
Project("{FAE04EC0-301F-11D3-BF4B-00C04F79EFBC}") = "Unity.RenderPipelines.Core.ShaderLibrary", "Unity.RenderPipelines.Core.ShaderLibrary.csproj", "{DCFCD7F4-A280-B292-7C25-81DBD913FCCC}"
EndProject
Project("{FAE04EC0-301F-11D3-BF4B-00C04F79EFBC}") = "Unity.RenderPipeline.Universal.ShaderLibrary", "Unity.RenderPipeline.Universal.ShaderLibrary.csproj", "{7183806F-E973-4F45-5D9A-8C6652751EA2}"
EndProject
Project("{FAE04EC0-301F-11D3-BF4B-00C04F79EFBC}") = "Unity.RenderPipelines.Universal.Shaders", "Unity.RenderPipelines.Universal.Shaders.csproj", "{93D66DEF-19F6-00CE-CE2C-381519B5F127}"
EndProject
Project("{FAE04EC0-301F-11D3-BF4B-00C04F79EFBC}") = "Unity.RenderPipelines.ShaderGraph.ShaderGraphLibrary", "Unity.RenderPipelines.ShaderGraph.ShaderGraphLibrary.csproj", "{7B20781B-997B-99E4-6E0A-EED05CFA5ABF}"
EndProject
Project("{FAE04EC0-301F-11D3-BF4B-00C04F79EFBC}") = "Unity.PlasticSCM.Editor", "Unity.PlasticSCM.Editor.csproj", "{5A74A9EB-D848-D1E3-C7DC-BAFC0FD3D9D3}"
EndProject
Project("{FAE04EC0-301F-11D3-BF4B-00C04F79EFBC}") = "Unity.ShaderGraph.Editor", "Unity.ShaderGraph.Editor.csproj", "{CE9C9441-A3BC-687E-55C9-393B078F372A}"
EndProject
Project("{FAE04EC0-301F-11D3-BF4B-00C04F79EFBC}") = "Unity.VisualStudio.Editor", "Unity.VisualStudio.Editor.csproj", "{7953AF1D-3520-E6A9-29D5-55108D75A20F}"
EndProject
Project("{FAE04EC0-301F-11D3-BF4B-00C04F79EFBC}") = "Unity.Timeline.Editor", "Unity.Timeline.Editor.csproj", "{85CDAB8D-2941-88BB-6042-BC32D8D492D5}"
EndProject
Project("{FAE04EC0-301F-11D3-BF4B-00C04F79EFBC}") = "Unity.TextMeshPro.Editor", "Unity.TextMeshPro.Editor.csproj", "{80B7CB33-E391-2E03-1E39-6986ED9F561D}"
EndProject
Project("{FAE04EC0-301F-11D3-BF4B-00C04F79EFBC}") = "Unity.CollabProxy.Editor", "Unity.CollabProxy.Editor.csproj", "{665D070E-8BFC-AEDA-66E9-0841505E242B}"
EndProject
Project("{FAE04EC0-301F-11D3-BF4B-00C04F79EFBC}") = "DocCodeExamples", "DocCodeExamples.csproj", "{3E893C8B-98B2-972B-A44E-467A064294BC}"
EndProject
Project("{FAE04EC0-301F-11D3-BF4B-00C04F79EFBC}") = "UnityEditor.TestRunner", "UnityEditor.TestRunner.csproj", "{50497BC9-4187-5BA7-95FF-9DB8C7698E4C}"
EndProject
Project("{FAE04EC0-301F-11D3-BF4B-00C04F79EFBC}") = "Unity.Rider.Editor", "Unity.Rider.Editor.csproj", "{41B9B211-E0FD-6966-D584-ABFA05E5E477}"
EndProject
Project("{FAE04EC0-301F-11D3-BF4B-00C04F79EFBC}") = "Unity.RenderPipelines.Universal.Editor", "Unity.RenderPipelines.Universal.Editor.csproj", "{62512738-C15F-1F4A-6E5E-6DF8EA36A6FB}"
EndProject
Project("{FAE04EC0-301F-11D3-BF4B-00C04F79EFBC}") = "Unity.ShaderGraph.Editor.Tests", "Unity.ShaderGraph.Editor.Tests.csproj", "{97FD99CC-E3FD-36D4-98C1-B5CD3FFFFD77}"
EndProject
Project("{FAE04EC0-301F-11D3-BF4B-00C04F79EFBC}") = "Unity.Services.Core.Editor", "Unity.Services.Core.Editor.csproj", "{A662368E-75A8-DFCE-891B-1E4E2CF3C1BC}"
EndProject
Project("{FAE04EC0-301F-11D3-BF4B-00C04F79EFBC}") = "Unity.PlasticSCM.EditorTests", "Unity.PlasticSCM.EditorTests.csproj", "{4E214669-44F6-770B-C761-E113D92FE882}"
EndProject
Project("{FAE04EC0-301F-11D3-BF4B-00C04F79EFBC}") = "Unity.RenderPipelines.Core.Editor", "Unity.RenderPipelines.Core.Editor.csproj", "{023ACC97-39EF-9F70-D23D-8845810D9BFA}"
EndProject
Project("{FAE04EC0-301F-11D3-BF4B-00C04F79EFBC}") = "Unity.Mathematics.Tests", "Unity.Mathematics.Tests.csproj", "{5EA79D2F-245D-5E47-55F9-7506F5FCC4FB}"
EndProject
Project("{FAE04EC0-301F-11D3-BF4B-00C04F79EFBC}") = "Unity.Searcher.Editor", "Unity.Searcher.Editor.csproj", "{F66289F0-FC22-465E-504A-9200CEF50D13}"
EndProject
Project("{FAE04EC0-301F-11D3-BF4B-00C04F79EFBC}") = "Unity.CollabProxy.EditorTests", "Unity.CollabProxy.EditorTests.csproj", "{542DE3DD-0B6E-2849-4F61-FCD4DC1D5E26}"
EndProject
Project("{FAE04EC0-301F-11D3-BF4B-00C04F79EFBC}") = "Unity.VSCode.Editor", "Unity.VSCode.Editor.csproj", "{E4CFA07D-F317-2509-6191-D4E3BFE905CA}"
EndProject
Project("{FAE04EC0-301F-11D3-BF4B-00C04F79EFBC}") = "UnityEditor.UI.EditorTests", "UnityEditor.UI.EditorTests.csproj", "{C7F5A66B-AA5B-81FE-031A-4093B71F4AF9}"
EndProject
Project("{FAE04EC0-301F-11D3-BF4B-00C04F79EFBC}") = "UnityEditor.UI", "UnityEditor.UI.csproj", "{654C51A3-7A52-1428-5773-0AD04331D718}"
EndProject
Project("{FAE04EC0-301F-11D3-BF4B-00C04F79EFBC}") = "Unity.Mathematics.Editor", "Unity.Mathematics.Editor.csproj", "{77D8C7B3-C1E7-29D8-FA5B-F3DABE095E7A}"
EndProject
Project("{FAE04EC0-301F-11D3-BF4B-00C04F79EFBC}") = "Unity.RenderPipelines.Core.Editor.Tests", "Unity.RenderPipelines.Core.Editor.Tests.csproj", "{5D7A0D42-EA47-2087-E3A9-662D5F3711A0}"
EndProject
Project("{FAE04EC0-301F-11D3-BF4B-00C04F79EFBC}") = "Unity.Searcher.EditorTests", "Unity.Searcher.EditorTests.csproj", "{6E5E959B-BD46-214C-8BEE-0E1074872682}"
EndProject
Project("{FAE04EC0-301F-11D3-BF4B-00C04F79EFBC}") = "Unity.ShaderGraph.Utilities", "Unity.ShaderGraph.Utilities.csproj", "{C394C3C2-038F-329D-0D16-F5FF26A50282}"
EndProject
Project("{FAE04EC0-301F-11D3-BF4B-00C04F79EFBC}") = "Unity.Nuget.NewtonsoftJson.EditorTests", "Unity.Nuget.NewtonsoftJson.EditorTests.csproj", "{0D5A0BD3-6224-27E6-65C8-AF1ABBFC4318}"
EndProject
Project("{FAE04EC0-301F-11D3-BF4B-00C04F79EFBC}") = "Unity.RenderPipelines.Universal.Editor.Tests", "Unity.RenderPipelines.Universal.Editor.Tests.csproj", "{E3E29400-703B-CD0E-618C-9D8B0759545B}"
EndProject
Project("{FAE04EC0-301F-11D3-BF4B-00C04F79EFBC}") = "Unity.TextMeshPro.Editor.Tests", "Unity.TextMeshPro.Editor.Tests.csproj", "{2A6C9783-776B-72E9-7B61-537CD794CCD4}"
EndProject
Global
	GlobalSection(SolutionConfigurationPlatforms) = preSolution
		Debug|Any CPU = Debug|Any CPU
		Release|Any CPU = Release|Any CPU
	EndGlobalSection
	GlobalSection(ProjectConfigurationPlatforms) = postSolution
		{C85D89C0-FE8C-36C6-3073-0A782F9AE7B1}.Debug|Any CPU.ActiveCfg = Debug|Any CPU
		{C85D89C0-FE8C-36C6-3073-0A782F9AE7B1}.Debug|Any CPU.Build.0 = Debug|Any CPU
		{C85D89C0-FE8C-36C6-3073-0A782F9AE7B1}.Release|Any CPU.ActiveCfg = Release|Any CPU
		{C85D89C0-FE8C-36C6-3073-0A782F9AE7B1}.Release|Any CPU.Build.0 = Release|Any CPU
		{F5F5421B-0A4B-0D3D-6AB4-F6B9DFE99879}.Debug|Any CPU.ActiveCfg = Debug|Any CPU
		{F5F5421B-0A4B-0D3D-6AB4-F6B9DFE99879}.Debug|Any CPU.Build.0 = Debug|Any CPU
		{F5F5421B-0A4B-0D3D-6AB4-F6B9DFE99879}.Release|Any CPU.ActiveCfg = Release|Any CPU
		{F5F5421B-0A4B-0D3D-6AB4-F6B9DFE99879}.Release|Any CPU.Build.0 = Release|Any CPU
		{C4E21946-DDEA-87A9-C950-9E85F0240BE0}.Debug|Any CPU.ActiveCfg = Debug|Any CPU
		{C4E21946-DDEA-87A9-C950-9E85F0240BE0}.Debug|Any CPU.Build.0 = Debug|Any CPU
		{C4E21946-DDEA-87A9-C950-9E85F0240BE0}.Release|Any CPU.ActiveCfg = Release|Any CPU
		{C4E21946-DDEA-87A9-C950-9E85F0240BE0}.Release|Any CPU.Build.0 = Release|Any CPU
		{733C2998-3BAB-8A56-BAF8-CA05C1BBACCD}.Debug|Any CPU.ActiveCfg = Debug|Any CPU
		{733C2998-3BAB-8A56-BAF8-CA05C1BBACCD}.Debug|Any CPU.Build.0 = Debug|Any CPU
		{733C2998-3BAB-8A56-BAF8-CA05C1BBACCD}.Release|Any CPU.ActiveCfg = Release|Any CPU
		{733C2998-3BAB-8A56-BAF8-CA05C1BBACCD}.Release|Any CPU.Build.0 = Release|Any CPU
		{52A83CBE-87CB-8285-034F-BF7941D7F038}.Debug|Any CPU.ActiveCfg = Debug|Any CPU
		{52A83CBE-87CB-8285-034F-BF7941D7F038}.Debug|Any CPU.Build.0 = Debug|Any CPU
		{52A83CBE-87CB-8285-034F-BF7941D7F038}.Release|Any CPU.ActiveCfg = Release|Any CPU
		{52A83CBE-87CB-8285-034F-BF7941D7F038}.Release|Any CPU.Build.0 = Release|Any CPU
		{695B1A58-C3B6-2FDE-24FC-F7965C8CAEDD}.Debug|Any CPU.ActiveCfg = Debug|Any CPU
		{695B1A58-C3B6-2FDE-24FC-F7965C8CAEDD}.Debug|Any CPU.Build.0 = Debug|Any CPU
		{695B1A58-C3B6-2FDE-24FC-F7965C8CAEDD}.Release|Any CPU.ActiveCfg = Release|Any CPU
		{695B1A58-C3B6-2FDE-24FC-F7965C8CAEDD}.Release|Any CPU.Build.0 = Release|Any CPU
		{3D9D4A32-38E0-DFC3-E29D-2FFCADC53F85}.Debug|Any CPU.ActiveCfg = Debug|Any CPU
		{3D9D4A32-38E0-DFC3-E29D-2FFCADC53F85}.Debug|Any CPU.Build.0 = Debug|Any CPU
		{3D9D4A32-38E0-DFC3-E29D-2FFCADC53F85}.Release|Any CPU.ActiveCfg = Release|Any CPU
		{3D9D4A32-38E0-DFC3-E29D-2FFCADC53F85}.Release|Any CPU.Build.0 = Release|Any CPU
		{878CF2FA-6351-D9BC-B7FF-0EF7F5E01473}.Debug|Any CPU.ActiveCfg = Debug|Any CPU
		{878CF2FA-6351-D9BC-B7FF-0EF7F5E01473}.Debug|Any CPU.Build.0 = Debug|Any CPU
		{878CF2FA-6351-D9BC-B7FF-0EF7F5E01473}.Release|Any CPU.ActiveCfg = Release|Any CPU
		{878CF2FA-6351-D9BC-B7FF-0EF7F5E01473}.Release|Any CPU.Build.0 = Release|Any CPU
		{7ED47204-76D5-CAD1-13E8-74AB15FC5C2D}.Debug|Any CPU.ActiveCfg = Debug|Any CPU
		{7ED47204-76D5-CAD1-13E8-74AB15FC5C2D}.Debug|Any CPU.Build.0 = Debug|Any CPU
		{7ED47204-76D5-CAD1-13E8-74AB15FC5C2D}.Release|Any CPU.ActiveCfg = Release|Any CPU
		{7ED47204-76D5-CAD1-13E8-74AB15FC5C2D}.Release|Any CPU.Build.0 = Release|Any CPU
		{3BFA1CE6-1FDC-5D8F-335E-CBA68125041B}.Debug|Any CPU.ActiveCfg = Debug|Any CPU
		{3BFA1CE6-1FDC-5D8F-335E-CBA68125041B}.Debug|Any CPU.Build.0 = Debug|Any CPU
		{3BFA1CE6-1FDC-5D8F-335E-CBA68125041B}.Release|Any CPU.ActiveCfg = Release|Any CPU
		{3BFA1CE6-1FDC-5D8F-335E-CBA68125041B}.Release|Any CPU.Build.0 = Release|Any CPU
		{B4A0CDD7-0462-B451-F49D-5EDD7F73091D}.Debug|Any CPU.ActiveCfg = Debug|Any CPU
		{B4A0CDD7-0462-B451-F49D-5EDD7F73091D}.Debug|Any CPU.Build.0 = Debug|Any CPU
		{B4A0CDD7-0462-B451-F49D-5EDD7F73091D}.Release|Any CPU.ActiveCfg = Release|Any CPU
		{B4A0CDD7-0462-B451-F49D-5EDD7F73091D}.Release|Any CPU.Build.0 = Release|Any CPU
		{0F0FD2DD-89F9-4C50-1A5B-7B1F2B35F97F}.Debug|Any CPU.ActiveCfg = Debug|Any CPU
		{0F0FD2DD-89F9-4C50-1A5B-7B1F2B35F97F}.Debug|Any CPU.Build.0 = Debug|Any CPU
		{0F0FD2DD-89F9-4C50-1A5B-7B1F2B35F97F}.Release|Any CPU.ActiveCfg = Release|Any CPU
		{0F0FD2DD-89F9-4C50-1A5B-7B1F2B35F97F}.Release|Any CPU.Build.0 = Release|Any CPU
		{BF37E9D7-549F-EAB3-EF92-5B0289EBD81D}.Debug|Any CPU.ActiveCfg = Debug|Any CPU
		{BF37E9D7-549F-EAB3-EF92-5B0289EBD81D}.Debug|Any CPU.Build.0 = Debug|Any CPU
		{BF37E9D7-549F-EAB3-EF92-5B0289EBD81D}.Release|Any CPU.ActiveCfg = Release|Any CPU
		{BF37E9D7-549F-EAB3-EF92-5B0289EBD81D}.Release|Any CPU.Build.0 = Release|Any CPU
		{2C165215-1B0E-C22E-886A-BC231642C996}.Debug|Any CPU.ActiveCfg = Debug|Any CPU
		{2C165215-1B0E-C22E-886A-BC231642C996}.Debug|Any CPU.Build.0 = Debug|Any CPU
		{2C165215-1B0E-C22E-886A-BC231642C996}.Release|Any CPU.ActiveCfg = Release|Any CPU
		{2C165215-1B0E-C22E-886A-BC231642C996}.Release|Any CPU.Build.0 = Release|Any CPU
		{C184F71E-C478-E674-3BD6-D933125E8CEF}.Debug|Any CPU.ActiveCfg = Debug|Any CPU
		{C184F71E-C478-E674-3BD6-D933125E8CEF}.Debug|Any CPU.Build.0 = Debug|Any CPU
		{C184F71E-C478-E674-3BD6-D933125E8CEF}.Release|Any CPU.ActiveCfg = Release|Any CPU
		{C184F71E-C478-E674-3BD6-D933125E8CEF}.Release|Any CPU.Build.0 = Release|Any CPU
		{DCFCD7F4-A280-B292-7C25-81DBD913FCCC}.Debug|Any CPU.ActiveCfg = Debug|Any CPU
		{DCFCD7F4-A280-B292-7C25-81DBD913FCCC}.Debug|Any CPU.Build.0 = Debug|Any CPU
		{DCFCD7F4-A280-B292-7C25-81DBD913FCCC}.Release|Any CPU.ActiveCfg = Release|Any CPU
		{DCFCD7F4-A280-B292-7C25-81DBD913FCCC}.Release|Any CPU.Build.0 = Release|Any CPU
		{7183806F-E973-4F45-5D9A-8C6652751EA2}.Debug|Any CPU.ActiveCfg = Debug|Any CPU
		{7183806F-E973-4F45-5D9A-8C6652751EA2}.Debug|Any CPU.Build.0 = Debug|Any CPU
		{7183806F-E973-4F45-5D9A-8C6652751EA2}.Release|Any CPU.ActiveCfg = Release|Any CPU
		{7183806F-E973-4F45-5D9A-8C6652751EA2}.Release|Any CPU.Build.0 = Release|Any CPU
		{93D66DEF-19F6-00CE-CE2C-381519B5F127}.Debug|Any CPU.ActiveCfg = Debug|Any CPU
		{93D66DEF-19F6-00CE-CE2C-381519B5F127}.Debug|Any CPU.Build.0 = Debug|Any CPU
		{93D66DEF-19F6-00CE-CE2C-381519B5F127}.Release|Any CPU.ActiveCfg = Release|Any CPU
		{93D66DEF-19F6-00CE-CE2C-381519B5F127}.Release|Any CPU.Build.0 = Release|Any CPU
		{7B20781B-997B-99E4-6E0A-EED05CFA5ABF}.Debug|Any CPU.ActiveCfg = Debug|Any CPU
		{7B20781B-997B-99E4-6E0A-EED05CFA5ABF}.Debug|Any CPU.Build.0 = Debug|Any CPU
		{7B20781B-997B-99E4-6E0A-EED05CFA5ABF}.Release|Any CPU.ActiveCfg = Release|Any CPU
		{7B20781B-997B-99E4-6E0A-EED05CFA5ABF}.Release|Any CPU.Build.0 = Release|Any CPU
		{5A74A9EB-D848-D1E3-C7DC-BAFC0FD3D9D3}.Debug|Any CPU.ActiveCfg = Debug|Any CPU
		{5A74A9EB-D848-D1E3-C7DC-BAFC0FD3D9D3}.Debug|Any CPU.Build.0 = Debug|Any CPU
		{5A74A9EB-D848-D1E3-C7DC-BAFC0FD3D9D3}.Release|Any CPU.ActiveCfg = Release|Any CPU
		{5A74A9EB-D848-D1E3-C7DC-BAFC0FD3D9D3}.Release|Any CPU.Build.0 = Release|Any CPU
		{CE9C9441-A3BC-687E-55C9-393B078F372A}.Debug|Any CPU.ActiveCfg = Debug|Any CPU
		{CE9C9441-A3BC-687E-55C9-393B078F372A}.Debug|Any CPU.Build.0 = Debug|Any CPU
		{CE9C9441-A3BC-687E-55C9-393B078F372A}.Release|Any CPU.ActiveCfg = Release|Any CPU
		{CE9C9441-A3BC-687E-55C9-393B078F372A}.Release|Any CPU.Build.0 = Release|Any CPU
		{7953AF1D-3520-E6A9-29D5-55108D75A20F}.Debug|Any CPU.ActiveCfg = Debug|Any CPU
		{7953AF1D-3520-E6A9-29D5-55108D75A20F}.Debug|Any CPU.Build.0 = Debug|Any CPU
		{7953AF1D-3520-E6A9-29D5-55108D75A20F}.Release|Any CPU.ActiveCfg = Release|Any CPU
		{7953AF1D-3520-E6A9-29D5-55108D75A20F}.Release|Any CPU.Build.0 = Release|Any CPU
		{85CDAB8D-2941-88BB-6042-BC32D8D492D5}.Debug|Any CPU.ActiveCfg = Debug|Any CPU
		{85CDAB8D-2941-88BB-6042-BC32D8D492D5}.Debug|Any CPU.Build.0 = Debug|Any CPU
		{85CDAB8D-2941-88BB-6042-BC32D8D492D5}.Release|Any CPU.ActiveCfg = Release|Any CPU
		{85CDAB8D-2941-88BB-6042-BC32D8D492D5}.Release|Any CPU.Build.0 = Release|Any CPU
		{80B7CB33-E391-2E03-1E39-6986ED9F561D}.Debug|Any CPU.ActiveCfg = Debug|Any CPU
		{80B7CB33-E391-2E03-1E39-6986ED9F561D}.Debug|Any CPU.Build.0 = Debug|Any CPU
		{80B7CB33-E391-2E03-1E39-6986ED9F561D}.Release|Any CPU.ActiveCfg = Release|Any CPU
		{80B7CB33-E391-2E03-1E39-6986ED9F561D}.Release|Any CPU.Build.0 = Release|Any CPU
		{665D070E-8BFC-AEDA-66E9-0841505E242B}.Debug|Any CPU.ActiveCfg = Debug|Any CPU
		{665D070E-8BFC-AEDA-66E9-0841505E242B}.Debug|Any CPU.Build.0 = Debug|Any CPU
		{665D070E-8BFC-AEDA-66E9-0841505E242B}.Release|Any CPU.ActiveCfg = Release|Any CPU
		{665D070E-8BFC-AEDA-66E9-0841505E242B}.Release|Any CPU.Build.0 = Release|Any CPU
		{3E893C8B-98B2-972B-A44E-467A064294BC}.Debug|Any CPU.ActiveCfg = Debug|Any CPU
		{3E893C8B-98B2-972B-A44E-467A064294BC}.Debug|Any CPU.Build.0 = Debug|Any CPU
		{3E893C8B-98B2-972B-A44E-467A064294BC}.Release|Any CPU.ActiveCfg = Release|Any CPU
		{3E893C8B-98B2-972B-A44E-467A064294BC}.Release|Any CPU.Build.0 = Release|Any CPU
		{50497BC9-4187-5BA7-95FF-9DB8C7698E4C}.Debug|Any CPU.ActiveCfg = Debug|Any CPU
		{50497BC9-4187-5BA7-95FF-9DB8C7698E4C}.Debug|Any CPU.Build.0 = Debug|Any CPU
		{50497BC9-4187-5BA7-95FF-9DB8C7698E4C}.Release|Any CPU.ActiveCfg = Release|Any CPU
		{50497BC9-4187-5BA7-95FF-9DB8C7698E4C}.Release|Any CPU.Build.0 = Release|Any CPU
		{41B9B211-E0FD-6966-D584-ABFA05E5E477}.Debug|Any CPU.ActiveCfg = Debug|Any CPU
		{41B9B211-E0FD-6966-D584-ABFA05E5E477}.Debug|Any CPU.Build.0 = Debug|Any CPU
		{41B9B211-E0FD-6966-D584-ABFA05E5E477}.Release|Any CPU.ActiveCfg = Release|Any CPU
		{41B9B211-E0FD-6966-D584-ABFA05E5E477}.Release|Any CPU.Build.0 = Release|Any CPU
		{62512738-C15F-1F4A-6E5E-6DF8EA36A6FB}.Debug|Any CPU.ActiveCfg = Debug|Any CPU
		{62512738-C15F-1F4A-6E5E-6DF8EA36A6FB}.Debug|Any CPU.Build.0 = Debug|Any CPU
		{62512738-C15F-1F4A-6E5E-6DF8EA36A6FB}.Release|Any CPU.ActiveCfg = Release|Any CPU
		{62512738-C15F-1F4A-6E5E-6DF8EA36A6FB}.Release|Any CPU.Build.0 = Release|Any CPU
		{97FD99CC-E3FD-36D4-98C1-B5CD3FFFFD77}.Debug|Any CPU.ActiveCfg = Debug|Any CPU
		{97FD99CC-E3FD-36D4-98C1-B5CD3FFFFD77}.Debug|Any CPU.Build.0 = Debug|Any CPU
		{97FD99CC-E3FD-36D4-98C1-B5CD3FFFFD77}.Release|Any CPU.ActiveCfg = Release|Any CPU
		{97FD99CC-E3FD-36D4-98C1-B5CD3FFFFD77}.Release|Any CPU.Build.0 = Release|Any CPU
		{A662368E-75A8-DFCE-891B-1E4E2CF3C1BC}.Debug|Any CPU.ActiveCfg = Debug|Any CPU
		{A662368E-75A8-DFCE-891B-1E4E2CF3C1BC}.Debug|Any CPU.Build.0 = Debug|Any CPU
		{A662368E-75A8-DFCE-891B-1E4E2CF3C1BC}.Release|Any CPU.ActiveCfg = Release|Any CPU
		{A662368E-75A8-DFCE-891B-1E4E2CF3C1BC}.Release|Any CPU.Build.0 = Release|Any CPU
		{4E214669-44F6-770B-C761-E113D92FE882}.Debug|Any CPU.ActiveCfg = Debug|Any CPU
		{4E214669-44F6-770B-C761-E113D92FE882}.Debug|Any CPU.Build.0 = Debug|Any CPU
		{4E214669-44F6-770B-C761-E113D92FE882}.Release|Any CPU.ActiveCfg = Release|Any CPU
		{4E214669-44F6-770B-C761-E113D92FE882}.Release|Any CPU.Build.0 = Release|Any CPU
		{023ACC97-39EF-9F70-D23D-8845810D9BFA}.Debug|Any CPU.ActiveCfg = Debug|Any CPU
		{023ACC97-39EF-9F70-D23D-8845810D9BFA}.Debug|Any CPU.Build.0 = Debug|Any CPU
		{023ACC97-39EF-9F70-D23D-8845810D9BFA}.Release|Any CPU.ActiveCfg = Release|Any CPU
		{023ACC97-39EF-9F70-D23D-8845810D9BFA}.Release|Any CPU.Build.0 = Release|Any CPU
		{5EA79D2F-245D-5E47-55F9-7506F5FCC4FB}.Debug|Any CPU.ActiveCfg = Debug|Any CPU
		{5EA79D2F-245D-5E47-55F9-7506F5FCC4FB}.Debug|Any CPU.Build.0 = Debug|Any CPU
		{5EA79D2F-245D-5E47-55F9-7506F5FCC4FB}.Release|Any CPU.ActiveCfg = Release|Any CPU
		{5EA79D2F-245D-5E47-55F9-7506F5FCC4FB}.Release|Any CPU.Build.0 = Release|Any CPU
		{F66289F0-FC22-465E-504A-9200CEF50D13}.Debug|Any CPU.ActiveCfg = Debug|Any CPU
		{F66289F0-FC22-465E-504A-9200CEF50D13}.Debug|Any CPU.Build.0 = Debug|Any CPU
		{F66289F0-FC22-465E-504A-9200CEF50D13}.Release|Any CPU.ActiveCfg = Release|Any CPU
		{F66289F0-FC22-465E-504A-9200CEF50D13}.Release|Any CPU.Build.0 = Release|Any CPU
		{542DE3DD-0B6E-2849-4F61-FCD4DC1D5E26}.Debug|Any CPU.ActiveCfg = Debug|Any CPU
		{542DE3DD-0B6E-2849-4F61-FCD4DC1D5E26}.Debug|Any CPU.Build.0 = Debug|Any CPU
		{542DE3DD-0B6E-2849-4F61-FCD4DC1D5E26}.Release|Any CPU.ActiveCfg = Release|Any CPU
		{542DE3DD-0B6E-2849-4F61-FCD4DC1D5E26}.Release|Any CPU.Build.0 = Release|Any CPU
		{E4CFA07D-F317-2509-6191-D4E3BFE905CA}.Debug|Any CPU.ActiveCfg = Debug|Any CPU
		{E4CFA07D-F317-2509-6191-D4E3BFE905CA}.Debug|Any CPU.Build.0 = Debug|Any CPU
		{E4CFA07D-F317-2509-6191-D4E3BFE905CA}.Release|Any CPU.ActiveCfg = Release|Any CPU
		{E4CFA07D-F317-2509-6191-D4E3BFE905CA}.Release|Any CPU.Build.0 = Release|Any CPU
		{C7F5A66B-AA5B-81FE-031A-4093B71F4AF9}.Debug|Any CPU.ActiveCfg = Debug|Any CPU
		{C7F5A66B-AA5B-81FE-031A-4093B71F4AF9}.Debug|Any CPU.Build.0 = Debug|Any CPU
		{C7F5A66B-AA5B-81FE-031A-4093B71F4AF9}.Release|Any CPU.ActiveCfg = Release|Any CPU
		{C7F5A66B-AA5B-81FE-031A-4093B71F4AF9}.Release|Any CPU.Build.0 = Release|Any CPU
		{654C51A3-7A52-1428-5773-0AD04331D718}.Debug|Any CPU.ActiveCfg = Debug|Any CPU
		{654C51A3-7A52-1428-5773-0AD04331D718}.Debug|Any CPU.Build.0 = Debug|Any CPU
		{654C51A3-7A52-1428-5773-0AD04331D718}.Release|Any CPU.ActiveCfg = Release|Any CPU
		{654C51A3-7A52-1428-5773-0AD04331D718}.Release|Any CPU.Build.0 = Release|Any CPU
		{77D8C7B3-C1E7-29D8-FA5B-F3DABE095E7A}.Debug|Any CPU.ActiveCfg = Debug|Any CPU
		{77D8C7B3-C1E7-29D8-FA5B-F3DABE095E7A}.Debug|Any CPU.Build.0 = Debug|Any CPU
		{77D8C7B3-C1E7-29D8-FA5B-F3DABE095E7A}.Release|Any CPU.ActiveCfg = Release|Any CPU
		{77D8C7B3-C1E7-29D8-FA5B-F3DABE095E7A}.Release|Any CPU.Build.0 = Release|Any CPU
		{5D7A0D42-EA47-2087-E3A9-662D5F3711A0}.Debug|Any CPU.ActiveCfg = Debug|Any CPU
		{5D7A0D42-EA47-2087-E3A9-662D5F3711A0}.Debug|Any CPU.Build.0 = Debug|Any CPU
		{5D7A0D42-EA47-2087-E3A9-662D5F3711A0}.Release|Any CPU.ActiveCfg = Release|Any CPU
		{5D7A0D42-EA47-2087-E3A9-662D5F3711A0}.Release|Any CPU.Build.0 = Release|Any CPU
		{6E5E959B-BD46-214C-8BEE-0E1074872682}.Debug|Any CPU.ActiveCfg = Debug|Any CPU
		{6E5E959B-BD46-214C-8BEE-0E1074872682}.Debug|Any CPU.Build.0 = Debug|Any CPU
		{6E5E959B-BD46-214C-8BEE-0E1074872682}.Release|Any CPU.ActiveCfg = Release|Any CPU
		{6E5E959B-BD46-214C-8BEE-0E1074872682}.Release|Any CPU.Build.0 = Release|Any CPU
		{C394C3C2-038F-329D-0D16-F5FF26A50282}.Debug|Any CPU.ActiveCfg = Debug|Any CPU
		{C394C3C2-038F-329D-0D16-F5FF26A50282}.Debug|Any CPU.Build.0 = Debug|Any CPU
		{C394C3C2-038F-329D-0D16-F5FF26A50282}.Release|Any CPU.ActiveCfg = Release|Any CPU
		{C394C3C2-038F-329D-0D16-F5FF26A50282}.Release|Any CPU.Build.0 = Release|Any CPU
		{0D5A0BD3-6224-27E6-65C8-AF1ABBFC4318}.Debug|Any CPU.ActiveCfg = Debug|Any CPU
		{0D5A0BD3-6224-27E6-65C8-AF1ABBFC4318}.Debug|Any CPU.Build.0 = Debug|Any CPU
		{0D5A0BD3-6224-27E6-65C8-AF1ABBFC4318}.Release|Any CPU.ActiveCfg = Release|Any CPU
		{0D5A0BD3-6224-27E6-65C8-AF1ABBFC4318}.Release|Any CPU.Build.0 = Release|Any CPU
		{E3E29400-703B-CD0E-618C-9D8B0759545B}.Debug|Any CPU.ActiveCfg = Debug|Any CPU
		{E3E29400-703B-CD0E-618C-9D8B0759545B}.Debug|Any CPU.Build.0 = Debug|Any CPU
		{E3E29400-703B-CD0E-618C-9D8B0759545B}.Release|Any CPU.ActiveCfg = Release|Any CPU
		{E3E29400-703B-CD0E-618C-9D8B0759545B}.Release|Any CPU.Build.0 = Release|Any CPU
		{2A6C9783-776B-72E9-7B61-537CD794CCD4}.Debug|Any CPU.ActiveCfg = Debug|Any CPU
		{2A6C9783-776B-72E9-7B61-537CD794CCD4}.Debug|Any CPU.Build.0 = Debug|Any CPU
		{2A6C9783-776B-72E9-7B61-537CD794CCD4}.Release|Any CPU.ActiveCfg = Release|Any CPU
		{2A6C9783-776B-72E9-7B61-537CD794CCD4}.Release|Any CPU.Build.0 = Release|Any CPU
	EndGlobalSection
	GlobalSection(SolutionProperties) = preSolution
		HideSolutionNode = FALSE
	EndGlobalSection
EndGlobal
